// !$*UTF8*$!
{
	archiveVersion = 1;
	classes = {
	};
	objectVersion = 55;
	objects = {

/* Begin PBXBuildFile section */
		AFF963E4284F77B8003735FA /* AppDelegate.swift in Sources */ = {isa = PBXBuildFile; fileRef = AFF963E3284F77B8003735FA /* AppDelegate.swift */; };
		AFF963E6284F77B8003735FA /* SceneDelegate.swift in Sources */ = {isa = PBXBuildFile; fileRef = AFF963E5284F77B8003735FA /* SceneDelegate.swift */; };
		AFF963E8284F77B8003735FA /* ViewController.swift in Sources */ = {isa = PBXBuildFile; fileRef = AFF963E7284F77B8003735FA /* ViewController.swift */; };
		AFF963EB284F77B8003735FA /* Main.storyboard in Resources */ = {isa = PBXBuildFile; fileRef = AFF963E9284F77B8003735FA /* Main.storyboard */; };
		AFF963ED284F77B9003735FA /* Assets.xcassets in Resources */ = {isa = PBXBuildFile; fileRef = AFF963EC284F77B9003735FA /* Assets.xcassets */; };
		AFF963F0284F77B9003735FA /* LaunchScreen.storyboard in Resources */ = {isa = PBXBuildFile; fileRef = AFF963EE284F77B9003735FA /* LaunchScreen.storyboard */; };
		AFF963FB284F77B9003735FA /* FirstTests.swift in Sources */ = {isa = PBXBuildFile; fileRef = AFF963FA284F77B9003735FA /* FirstTests.swift */; };
		AFF96405284F77B9003735FA /* FirstUITests.swift in Sources */ = {isa = PBXBuildFile; fileRef = AFF96404284F77B9003735FA /* FirstUITests.swift */; };
		AFF96407284F77B9003735FA /* FirstUITestsLaunchTests.swift in Sources */ = {isa = PBXBuildFile; fileRef = AFF96406284F77B9003735FA /* FirstUITestsLaunchTests.swift */; };
		AFF96416284F77FA003735FA /* Hater.swift in Sources */ = {isa = PBXBuildFile; fileRef = AFF96415284F77FA003735FA /* Hater.swift */; };
/* End PBXBuildFile section */

/* Begin PBXContainerItemProxy section */
		AFF963F7284F77B9003735FA /* PBXContainerItemProxy */ = {
			isa = PBXContainerItemProxy;
			containerPortal = AFF963D8284F77B8003735FA /* Project object */;
			proxyType = 1;
			remoteGlobalIDString = AFF963DF284F77B8003735FA;
			remoteInfo = First;
		};
		AFF96401284F77B9003735FA /* PBXContainerItemProxy */ = {
			isa = PBXContainerItemProxy;
			containerPortal = AFF963D8284F77B8003735FA /* Project object */;
			proxyType = 1;
			remoteGlobalIDString = AFF963DF284F77B8003735FA;
			remoteInfo = First;
		};
/* End PBXContainerItemProxy section */

/* Begin PBXFileReference section */
		AFF963E0284F77B8003735FA /* First.app */ = {isa = PBXFileReference; explicitFileType = wrapper.application; includeInIndex = 0; path = First.app; sourceTree = BUILT_PRODUCTS_DIR; };
		AFF963E3284F77B8003735FA /* AppDelegate.swift */ = {isa = PBXFileReference; lastKnownFileType = sourcecode.swift; path = AppDelegate.swift; sourceTree = "<group>"; };
		AFF963E5284F77B8003735FA /* SceneDelegate.swift */ = {isa = PBXFileReference; lastKnownFileType = sourcecode.swift; path = SceneDelegate.swift; sourceTree = "<group>"; };
		AFF963E7284F77B8003735FA /* ViewController.swift */ = {isa = PBXFileReference; lastKnownFileType = sourcecode.swift; path = ViewController.swift; sourceTree = "<group>"; };
		AFF963EA284F77B8003735FA /* Base */ = {isa = PBXFileReference; lastKnownFileType = file.storyboard; name = Base; path = Base.lproj/Main.storyboard; sourceTree = "<group>"; };
		AFF963EC284F77B9003735FA /* Assets.xcassets */ = {isa = PBXFileReference; lastKnownFileType = folder.assetcatalog; path = Assets.xcassets; sourceTree = "<group>"; };
		AFF963EF284F77B9003735FA /* Base */ = {isa = PBXFileReference; lastKnownFileType = file.storyboard; name = Base; path = Base.lproj/LaunchScreen.storyboard; sourceTree = "<group>"; };
		AFF963F1284F77B9003735FA /* Info.plist */ = {isa = PBXFileReference; lastKnownFileType = text.plist.xml; path = Info.plist; sourceTree = "<group>"; };
		AFF963F6284F77B9003735FA /* FirstTests.xctest */ = {isa = PBXFileReference; explicitFileType = wrapper.cfbundle; includeInIndex = 0; path = FirstTests.xctest; sourceTree = BUILT_PRODUCTS_DIR; };
		AFF963FA284F77B9003735FA /* FirstTests.swift */ = {isa = PBXFileReference; lastKnownFileType = sourcecode.swift; path = FirstTests.swift; sourceTree = "<group>"; };
		AFF96400284F77B9003735FA /* FirstUITests.xctest */ = {isa = PBXFileReference; explicitFileType = wrapper.cfbundle; includeInIndex = 0; path = FirstUITests.xctest; sourceTree = BUILT_PRODUCTS_DIR; };
		AFF96404284F77B9003735FA /* FirstUITests.swift */ = {isa = PBXFileReference; lastKnownFileType = sourcecode.swift; path = FirstUITests.swift; sourceTree = "<group>"; };
		AFF96406284F77B9003735FA /* FirstUITestsLaunchTests.swift */ = {isa = PBXFileReference; lastKnownFileType = sourcecode.swift; path = FirstUITestsLaunchTests.swift; sourceTree = "<group>"; };
		AFF96415284F77FA003735FA /* Hater.swift */ = {isa = PBXFileReference; lastKnownFileType = sourcecode.swift; path = Hater.swift; sourceTree = "<group>"; };
/* End PBXFileReference section */

/* Begin PBXFrameworksBuildPhase section */
		AFF963DD284F77B8003735FA /* Frameworks */ = {
			isa = PBXFrameworksBuildPhase;
			buildActionMask = 2147483647;
			files = (
			);
			runOnlyForDeploymentPostprocessing = 0;
		};
		AFF963F3284F77B9003735FA /* Frameworks */ = {
			isa = PBXFrameworksBuildPhase;
			buildActionMask = 2147483647;
			files = (
			);
			runOnlyForDeploymentPostprocessing = 0;
		};
		AFF963FD284F77B9003735FA /* Frameworks */ = {
			isa = PBXFrameworksBuildPhase;
			buildActionMask = 2147483647;
			files = (
			);
			runOnlyForDeploymentPostprocessing = 0;
		};
/* End PBXFrameworksBuildPhase section */

/* Begin PBXGroup section */
		AFF963D7284F77B8003735FA = {
			isa = PBXGroup;
			children = (
				AFF963E2284F77B8003735FA /* First */,
				AFF963F9284F77B9003735FA /* FirstTests */,
				AFF96403284F77B9003735FA /* FirstUITests */,
				AFF963E1284F77B8003735FA /* Products */,
			);
			sourceTree = "<group>";
		};
		AFF963E1284F77B8003735FA /* Products */ = {
			isa = PBXGroup;
			children = (
				AFF963E0284F77B8003735FA /* First.app */,
				AFF963F6284F77B9003735FA /* FirstTests.xctest */,
				AFF96400284F77B9003735FA /* FirstUITests.xctest */,
			);
			name = Products;
			sourceTree = "<group>";
		};
		AFF963E2284F77B8003735FA /* First */ = {
			isa = PBXGroup;
			children = (
				AFF963E3284F77B8003735FA /* AppDelegate.swift */,
				AFF963E5284F77B8003735FA /* SceneDelegate.swift */,
				AFF963E7284F77B8003735FA /* ViewController.swift */,
				AFF963E9284F77B8003735FA /* Main.storyboard */,
				AFF963EC284F77B9003735FA /* Assets.xcassets */,
				AFF963EE284F77B9003735FA /* LaunchScreen.storyboard */,
				AFF963F1284F77B9003735FA /* Info.plist */,
				AFF96415284F77FA003735FA /* Hater.swift */,
			);
			path = First;
			sourceTree = "<group>";
		};
		AFF963F9284F77B9003735FA /* FirstTests */ = {
			isa = PBXGroup;
			children = (
				AFF963FA284F77B9003735FA /* FirstTests.swift */,
			);
			path = FirstTests;
			sourceTree = "<group>";
		};
		AFF96403284F77B9003735FA /* FirstUITests */ = {
			isa = PBXGroup;
			children = (
				AFF96404284F77B9003735FA /* FirstUITests.swift */,
				AFF96406284F77B9003735FA /* FirstUITestsLaunchTests.swift */,
			);
			path = FirstUITests;
			sourceTree = "<group>";
		};
/* End PBXGroup section */

/* Begin PBXNativeTarget section */
		AFF963DF284F77B8003735FA /* First */ = {
			isa = PBXNativeTarget;
			buildConfigurationList = AFF9640A284F77B9003735FA /* Build configuration list for PBXNativeTarget "First" */;
			buildPhases = (
				AFF963DC284F77B8003735FA /* Sources */,
				AFF963DD284F77B8003735FA /* Frameworks */,
				AFF963DE284F77B8003735FA /* Resources */,
			);
			buildRules = (
			);
			dependencies = (
			);
			name = First;
			productName = First;
			productReference = AFF963E0284F77B8003735FA /* First.app */;
			productType = "com.apple.product-type.application";
		};
		AFF963F5284F77B9003735FA /* FirstTests */ = {
			isa = PBXNativeTarget;
			buildConfigurationList = AFF9640D284F77B9003735FA /* Build configuration list for PBXNativeTarget "FirstTests" */;
			buildPhases = (
				AFF963F2284F77B9003735FA /* Sources */,
				AFF963F3284F77B9003735FA /* Frameworks */,
				AFF963F4284F77B9003735FA /* Resources */,
			);
			buildRules = (
			);
			dependencies = (
				AFF963F8284F77B9003735FA /* PBXTargetDependency */,
			);
			name = FirstTests;
			productName = FirstTests;
			productReference = AFF963F6284F77B9003735FA /* FirstTests.xctest */;
			productType = "com.apple.product-type.bundle.unit-test";
		};
		AFF963FF284F77B9003735FA /* FirstUITests */ = {
			isa = PBXNativeTarget;
			buildConfigurationList = AFF96410284F77B9003735FA /* Build configuration list for PBXNativeTarget "FirstUITests" */;
			buildPhases = (
				AFF963FC284F77B9003735FA /* Sources */,
				AFF963FD284F77B9003735FA /* Frameworks */,
				AFF963FE284F77B9003735FA /* Resources */,
			);
			buildRules = (
			);
			dependencies = (
				AFF96402284F77B9003735FA /* PBXTargetDependency */,
			);
			name = FirstUITests;
			productName = FirstUITests;
			productReference = AFF96400284F77B9003735FA /* FirstUITests.xctest */;
			productType = "com.apple.product-type.bundle.ui-testing";
		};
/* End PBXNativeTarget section */

/* Begin PBXProject section */
		AFF963D8284F77B8003735FA /* Project object */ = {
			isa = PBXProject;
			attributes = {
				BuildIndependentTargetsInParallel = 1;
				LastSwiftUpdateCheck = 1330;
				LastUpgradeCheck = 1330;
				TargetAttributes = {
					AFF963DF284F77B8003735FA = {
						CreatedOnToolsVersion = 13.3;
					};
					AFF963F5284F77B9003735FA = {
						CreatedOnToolsVersion = 13.3;
						TestTargetID = AFF963DF284F77B8003735FA;
					};
					AFF963FF284F77B9003735FA = {
						CreatedOnToolsVersion = 13.3;
						TestTargetID = AFF963DF284F77B8003735FA;
					};
				};
			};
			buildConfigurationList = AFF963DB284F77B8003735FA /* Build configuration list for PBXProject "First" */;
			compatibilityVersion = "Xcode 13.0";
			developmentRegion = en;
			hasScannedForEncodings = 0;
			knownRegions = (
				en,
				Base,
			);
			mainGroup = AFF963D7284F77B8003735FA;
			productRefGroup = AFF963E1284F77B8003735FA /* Products */;
			projectDirPath = "";
			projectRoot = "";
			targets = (
				AFF963DF284F77B8003735FA /* First */,
				AFF963F5284F77B9003735FA /* FirstTests */,
				AFF963FF284F77B9003735FA /* FirstUITests */,
			);
		};
/* End PBXProject section */

/* Begin PBXResourcesBuildPhase section */
		AFF963DE284F77B8003735FA /* Resources */ = {
			isa = PBXResourcesBuildPhase;
			buildActionMask = 2147483647;
			files = (
				AFF963F0284F77B9003735FA /* LaunchScreen.storyboard in Resources */,
				AFF963ED284F77B9003735FA /* Assets.xcassets in Resources */,
				AFF963EB284F77B8003735FA /* Main.storyboard in Resources */,
			);
			runOnlyForDeploymentPostprocessing = 0;
		};
		AFF963F4284F77B9003735FA /* Resources */ = {
			isa = PBXResourcesBuildPhase;
			buildActionMask = 2147483647;
			files = (
			);
			runOnlyForDeploymentPostprocessing = 0;
		};
		AFF963FE284F77B9003735FA /* Resources */ = {
			isa = PBXResourcesBuildPhase;
			buildActionMask = 2147483647;
			files = (
			);
			runOnlyForDeploymentPostprocessing = 0;
		};
/* End PBXResourcesBuildPhase section */

/* Begin PBXSourcesBuildPhase section */
		AFF963DC284F77B8003735FA /* Sources */ = {
			isa = PBXSourcesBuildPhase;
			buildActionMask = 2147483647;
			files = (
				AFF963E8284F77B8003735FA /* ViewController.swift in Sources */,
				AFF963E4284F77B8003735FA /* AppDelegate.swift in Sources */,
				AFF96416284F77FA003735FA /* Hater.swift in Sources */,
				AFF963E6284F77B8003735FA /* SceneDelegate.swift in Sources */,
			);
			runOnlyForDeploymentPostprocessing = 0;
		};
		AFF963F2284F77B9003735FA /* Sources */ = {
			isa = PBXSourcesBuildPhase;
			buildActionMask = 2147483647;
			files = (
				AFF963FB284F77B9003735FA /* FirstTests.swift in Sources */,
			);
			runOnlyForDeploymentPostprocessing = 0;
		};
		AFF963FC284F77B9003735FA /* Sources */ = {
			isa = PBXSourcesBuildPhase;
			buildActionMask = 2147483647;
			files = (
				AFF96405284F77B9003735FA /* FirstUITests.swift in Sources */,
				AFF96407284F77B9003735FA /* FirstUITestsLaunchTests.swift in Sources */,
			);
			runOnlyForDeploymentPostprocessing = 0;
		};
/* End PBXSourcesBuildPhase section */

/* Begin PBXTargetDependency section */
		AFF963F8284F77B9003735FA /* PBXTargetDependency */ = {
			isa = PBXTargetDependency;
			target = AFF963DF284F77B8003735FA /* First */;
			targetProxy = AFF963F7284F77B9003735FA /* PBXContainerItemProxy */;
		};
		AFF96402284F77B9003735FA /* PBXTargetDependency */ = {
			isa = PBXTargetDependency;
			target = AFF963DF284F77B8003735FA /* First */;
			targetProxy = AFF96401284F77B9003735FA /* PBXContainerItemProxy */;
		};
/* End PBXTargetDependency section */

/* Begin PBXVariantGroup section */
		AFF963E9284F77B8003735FA /* Main.storyboard */ = {
			isa = PBXVariantGroup;
			children = (
				AFF963EA284F77B8003735FA /* Base */,
			);
			name = Main.storyboard;
			sourceTree = "<group>";
		};
		AFF963EE284F77B9003735FA /* LaunchScreen.storyboard */ = {
			isa = PBXVariantGroup;
			children = (
				AFF963EF284F77B9003735FA /* Base */,
			);
			name = LaunchScreen.storyboard;
			sourceTree = "<group>";
		};
/* End PBXVariantGroup section */

/* Begin XCBuildConfiguration section */
		AFF96408284F77B9003735FA /* Debug */ = {
			isa = XCBuildConfiguration;
			buildSettings = {
				ALWAYS_SEARCH_USER_PATHS = NO;
				CLANG_ANALYZER_NONNULL = YES;
				CLANG_ANALYZER_NUMBER_OBJECT_CONVERSION = YES_AGGRESSIVE;
				CLANG_CXX_LANGUAGE_STANDARD = "gnu++17";
				CLANG_ENABLE_MODULES = YES;
				CLANG_ENABLE_OBJC_ARC = YES;
				CLANG_ENABLE_OBJC_WEAK = YES;
				CLANG_WARN_BLOCK_CAPTURE_AUTORELEASING = YES;
				CLANG_WARN_BOOL_CONVERSION = YES;
				CLANG_WARN_COMMA = YES;
				CLANG_WARN_CONSTANT_CONVERSION = YES;
				CLANG_WARN_DEPRECATED_OBJC_IMPLEMENTATIONS = YES;
				CLANG_WARN_DIRECT_OBJC_ISA_USAGE = YES_ERROR;
				CLANG_WARN_DOCUMENTATION_COMMENTS = YES;
				CLANG_WARN_EMPTY_BODY = YES;
				CLANG_WARN_ENUM_CONVERSION = YES;
				CLANG_WARN_INFINITE_RECURSION = YES;
				CLANG_WARN_INT_CONVERSION = YES;
				CLANG_WARN_NON_LITERAL_NULL_CONVERSION = YES;
				CLANG_WARN_OBJC_IMPLICIT_RETAIN_SELF = YES;
				CLANG_WARN_OBJC_LITERAL_CONVERSION = YES;
				CLANG_WARN_OBJC_ROOT_CLASS = YES_ERROR;
				CLANG_WARN_QUOTED_INCLUDE_IN_FRAMEWORK_HEADER = YES;
				CLANG_WARN_RANGE_LOOP_ANALYSIS = YES;
				CLANG_WARN_STRICT_PROTOTYPES = YES;
				CLANG_WARN_SUSPICIOUS_MOVE = YES;
				CLANG_WARN_UNGUARDED_AVAILABILITY = YES_AGGRESSIVE;
				CLANG_WARN_UNREACHABLE_CODE = YES;
				CLANG_WARN__DUPLICATE_METHOD_MATCH = YES;
				COPY_PHASE_STRIP = NO;
				DEBUG_INFORMATION_FORMAT = dwarf;
				ENABLE_STRICT_OBJC_MSGSEND = YES;
				ENABLE_TESTABILITY = YES;
				GCC_C_LANGUAGE_STANDARD = gnu11;
				GCC_DYNAMIC_NO_PIC = NO;
				GCC_NO_COMMON_BLOCKS = YES;
				GCC_OPTIMIZATION_LEVEL = 0;
				GCC_PREPROCESSOR_DEFINITIONS = (
					"DEBUG=1",
					"$(inherited)",
				);
				GCC_WARN_64_TO_32_BIT_CONVERSION = YES;
				GCC_WARN_ABOUT_RETURN_TYPE = YES_ERROR;
				GCC_WARN_UNDECLARED_SELECTOR = YES;
				GCC_WARN_UNINITIALIZED_AUTOS = YES_AGGRESSIVE;
				GCC_WARN_UNUSED_FUNCTION = YES;
				GCC_WARN_UNUSED_VARIABLE = YES;
				IPHONEOS_DEPLOYMENT_TARGET = 15.4;
				MTL_ENABLE_DEBUG_INFO = INCLUDE_SOURCE;
				MTL_FAST_MATH = YES;
				ONLY_ACTIVE_ARCH = YES;
				SDKROOT = iphoneos;
				SWIFT_ACTIVE_COMPILATION_CONDITIONS = DEBUG;
				SWIFT_OPTIMIZATION_LEVEL = "-Onone";
			};
			name = Debug;
		};
		AFF96409284F77B9003735FA /* Release */ = {
			isa = XCBuildConfiguration;
			buildSettings = {
				ALWAYS_SEARCH_USER_PATHS = NO;
				CLANG_ANALYZER_NONNULL = YES;
				CLANG_ANALYZER_NUMBER_OBJECT_CONVERSION = YES_AGGRESSIVE;
				CLANG_CXX_LANGUAGE_STANDARD = "gnu++17";
				CLANG_ENABLE_MODULES = YES;
				CLANG_ENABLE_OBJC_ARC = YES;
				CLANG_ENABLE_OBJC_WEAK = YES;
				CLANG_WARN_BLOCK_CAPTURE_AUTORELEASING = YES;
				CLANG_WARN_BOOL_CONVERSION = YES;
				CLANG_WARN_COMMA = YES;
				CLANG_WARN_CONSTANT_CONVERSION = YES;
				CLANG_WARN_DEPRECATED_OBJC_IMPLEMENTATIONS = YES;
				CLANG_WARN_DIRECT_OBJC_ISA_USAGE = YES_ERROR;
				CLANG_WARN_DOCUMENTATION_COMMENTS = YES;
				CLANG_WARN_EMPTY_BODY = YES;
				CLANG_WARN_ENUM_CONVERSION = YES;
				CLANG_WARN_INFINITE_RECURSION = YES;
				CLANG_WARN_INT_CONVERSION = YES;
				CLANG_WARN_NON_LITERAL_NULL_CONVERSION = YES;
				CLANG_WARN_OBJC_IMPLICIT_RETAIN_SELF = YES;
				CLANG_WARN_OBJC_LITERAL_CONVERSION = YES;
				CLANG_WARN_OBJC_ROOT_CLASS = YES_ERROR;
				CLANG_WARN_QUOTED_INCLUDE_IN_FRAMEWORK_HEADER = YES;
				CLANG_WARN_RANGE_LOOP_ANALYSIS = YES;
				CLANG_WARN_STRICT_PROTOTYPES = YES;
				CLANG_WARN_SUSPICIOUS_MOVE = YES;
				CLANG_WARN_UNGUARDED_AVAILABILITY = YES_AGGRESSIVE;
				CLANG_WARN_UNREACHABLE_CODE = YES;
				CLANG_WARN__DUPLICATE_METHOD_MATCH = YES;
				COPY_PHASE_STRIP = NO;
				DEBUG_INFORMATION_FORMAT = "dwarf-with-dsym";
				ENABLE_NS_ASSERTIONS = NO;
				ENABLE_STRICT_OBJC_MSGSEND = YES;
				GCC_C_LANGUAGE_STANDARD = gnu11;
				GCC_NO_COMMON_BLOCKS = YES;
				GCC_WARN_64_TO_32_BIT_CONVERSION = YES;
				GCC_WARN_ABOUT_RETURN_TYPE = YES_ERROR;
				GCC_WARN_UNDECLARED_SELECTOR = YES;
				GCC_WARN_UNINITIALIZED_AUTOS = YES_AGGRESSIVE;
				GCC_WARN_UNUSED_FUNCTION = YES;
				GCC_WARN_UNUSED_VARIABLE = YES;
				IPHONEOS_DEPLOYMENT_TARGET = 15.4;
				MTL_ENABLE_DEBUG_INFO = NO;
				MTL_FAST_MATH = YES;
				SDKROOT = iphoneos;
				SWIFT_COMPILATION_MODE = wholemodule;
				SWIFT_OPTIMIZATION_LEVEL = "-O";
				VALIDATE_PRODUCT = YES;
			};
			name = Release;
		};
		AFF9640B284F77B9003735FA /* Debug */ = {
			isa = XCBuildConfiguration;
			buildSettings = {
				ASSETCATALOG_COMPILER_APPICON_NAME = AppIcon;
				ASSETCATALOG_COMPILER_GLOBAL_ACCENT_COLOR_NAME = AccentColor;
				CODE_SIGN_STYLE = Automatic;
				CURRENT_PROJECT_VERSION = 1;
				GENERATE_INFOPLIST_FILE = YES;
				INFOPLIST_FILE = First/Info.plist;
				INFOPLIST_KEY_UIApplicationSupportsIndirectInputEvents = YES;
				INFOPLIST_KEY_UILaunchStoryboardName = LaunchScreen;
				INFOPLIST_KEY_UIMainStoryboardFile = Main;
				INFOPLIST_KEY_UISupportedInterfaceOrientations_iPad = "UIInterfaceOrientationPortrait UIInterfaceOrientationPortraitUpsideDown UIInterfaceOrientationLandscapeLeft UIInterfaceOrientationLandscapeRight";
				INFOPLIST_KEY_UISupportedInterfaceOrientations_iPhone = "UIInterfaceOrientationPortrait UIInterfaceOrientationLandscapeLeft UIInterfaceOrientationLandscapeRight";
				LD_RUNPATH_SEARCH_PATHS = (
					"$(inherited)",
					"@executable_path/Frameworks",
				);
				MARKETING_VERSION = 1.0;
				PRODUCT_BUNDLE_IDENTIFIER = master.First;
				PRODUCT_NAME = "$(TARGET_NAME)";
				SWIFT_EMIT_LOC_STRINGS = YES;
				SWIFT_VERSION = 5.0;
				TARGETED_DEVICE_FAMILY = "1,2";
			};
			name = Debug;
		};
		AFF9640C284F77B9003735FA /* Release */ = {
			isa = XCBuildConfiguration;
			buildSettings = {
				ASSETCATALOG_COMPILER_APPICON_NAME = AppIcon;
				ASSETCATALOG_COMPILER_GLOBAL_ACCENT_COLOR_NAME = AccentColor;
				CODE_SIGN_STYLE = Automatic;
				CURRENT_PROJECT_VERSION = 1;
				GENERATE_INFOPLIST_FILE = YES;
				INFOPLIST_FILE = First/Info.plist;
				INFOPLIST_KEY_UIApplicationSupportsIndirectInputEvents = YES;
				INFOPLIST_KEY_UILaunchStoryboardName = LaunchScreen;
				INFOPLIST_KEY_UIMainStoryboardFile = Main;
				INFOPLIST_KEY_UISupportedInterfaceOrientations_iPad = "UIInterfaceOrientationPortrait UIInterfaceOrientationPortraitUpsideDown UIInterfaceOrientationLandscapeLeft UIInterfaceOrientationLandscapeRight";
				INFOPLIST_KEY_UISupportedInterfaceOrientations_iPhone = "UIInterfaceOrientationPortrait UIInterfaceOrientationLandscapeLeft UIInterfaceOrientationLandscapeRight";
				LD_RUNPATH_SEARCH_PATHS = (
					"$(inherited)",
					"@executable_path/Frameworks",
				);
				MARKETING_VERSION = 1.0;
				PRODUCT_BUNDLE_IDENTIFIER = master.First;
				PRODUCT_NAME = "$(TARGET_NAME)";
				SWIFT_EMIT_LOC_STRINGS = YES;
				SWIFT_VERSION = 5.0;
				TARGETED_DEVICE_FAMILY = "1,2";
			};
			name = Release;
		};
		AFF9640E284F77B9003735FA /* Debug */ = {
			isa = XCBuildConfiguration;
			buildSettings = {
				ALWAYS_EMBED_SWIFT_STANDARD_LIBRARIES = YES;
				BUNDLE_LOADER = "$(TEST_HOST)";
				CODE_SIGN_STYLE = Automatic;
				CURRENT_PROJECT_VERSION = 1;
				GENERATE_INFOPLIST_FILE = YES;
				IPHONEOS_DEPLOYMENT_TARGET = 15.4;
				MARKETING_VERSION = 1.0;
				PRODUCT_BUNDLE_IDENTIFIER = master.FirstTests;
				PRODUCT_NAME = "$(TARGET_NAME)";
				SWIFT_EMIT_LOC_STRINGS = NO;
				SWIFT_VERSION = 5.0;
				TARGETED_DEVICE_FAMILY = "1,2";
				TEST_HOST = "$(BUILT_PRODUCTS_DIR)/First.app/First";
			};
			name = Debug;
		};
		AFF9640F284F77B9003735FA /* Release */ = {
			isa = XCBuildConfiguration;
			buildSettings = {
				ALWAYS_EMBED_SWIFT_STANDARD_LIBRARIES = YES;
				BUNDLE_LOADER = "$(TEST_HOST)";
				CODE_SIGN_STYLE = Automatic;
				CURRENT_PROJECT_VERSION = 1;
				GENERATE_INFOPLIST_FILE = YES;
				IPHONEOS_DEPLOYMENT_TARGET = 15.4;
				MARKETING_VERSION = 1.0;
				PRODUCT_BUNDLE_IDENTIFIER = master.FirstTests;
				PRODUCT_NAME = "$(TARGET_NAME)";
				SWIFT_EMIT_LOC_STRINGS = NO;
				SWIFT_VERSION = 5.0;
				TARGETED_DEVICE_FAMILY = "1,2";
				TEST_HOST = "$(BUILT_PRODUCTS_DIR)/First.app/First";
			};
			name = Release;
		};
		AFF96411284F77B9003735FA /* Debug */ = {
			isa = XCBuildConfiguration;
			buildSettings = {
				ALWAYS_EMBED_SWIFT_STANDARD_LIBRARIES = YES;
				CODE_SIGN_STYLE = Automatic;
				CURRENT_PROJECT_VERSION = 1;
				GENERATE_INFOPLIST_FILE = YES;
				MARKETING_VERSION = 1.0;
				PRODUCT_BUNDLE_IDENTIFIER = master.FirstUITests;
				PRODUCT_NAME = "$(TARGET_NAME)";
				SWIFT_EMIT_LOC_STRINGS = NO;
				SWIFT_VERSION = 5.0;
				TARGETED_DEVICE_FAMILY = "1,2";
				TEST_TARGET_NAME = First;
			};
			name = Debug;
		};
		AFF96412284F77B9003735FA /* Release */ = {
			isa = XCBuildConfiguration;
			buildSettings = {
				ALWAYS_EMBED_SWIFT_STANDARD_LIBRARIES = YES;
				CODE_SIGN_STYLE = Automatic;
				CURRENT_PROJECT_VERSION = 1;
				GENERATE_INFOPLIST_FILE = YES;
				MARKETING_VERSION = 1.0;
				PRODUCT_BUNDLE_IDENTIFIER = master.FirstUITests;
				PRODUCT_NAME = "$(TARGET_NAME)";
				SWIFT_EMIT_LOC_STRINGS = NO;
				SWIFT_VERSION = 5.0;
				TARGETED_DEVICE_FAMILY = "1,2";
				TEST_TARGET_NAME = First;
			};
			name = Release;
		};
/* End XCBuildConfiguration section */

/* Begin XCConfigurationList section */
		AFF963DB284F77B8003735FA /* Build configuration list for PBXProject "First" */ = {
			isa = XCConfigurationList;
			buildConfigurations = (
				AFF96408284F77B9003735FA /* Debug */,
				AFF96409284F77B9003735FA /* Release */,
			);
			defaultConfigurationIsVisible = 0;
			defaultConfigurationName = Release;
		};
		AFF9640A284F77B9003735FA /* Build configuration list for PBXNativeTarget "First" */ = {
			isa = XCConfigurationList;
			buildConfigurations = (
				AFF9640B284F77B9003735FA /* Debug */,
				AFF9640C284F77B9003735FA /* Release */,
			);
			defaultConfigurationIsVisible = 0;
			defaultConfigurationName = Release;
		};
		AFF9640D284F77B9003735FA /* Build configuration list for PBXNativeTarget "FirstTests" */ = {
			isa = XCConfigurationList;
			buildConfigurations = (
				AFF9640E284F77B9003735FA /* Debug */,
				AFF9640F284F77B9003735FA /* Release */,
			);
			defaultConfigurationIsVisible = 0;
			defaultConfigurationName = Release;
		};
		AFF96410284F77B9003735FA /* Build configuration list for PBXNativeTarget "FirstUITests" */ = {
			isa = XCConfigurationList;
			buildConfigurations = (
				AFF96411284F77B9003735FA /* Debug */,
				AFF96412284F77B9003735FA /* Release */,
			);
			defaultConfigurationIsVisible = 0;
			defaultConfigurationName = Release;
		};
/* End XCConfigurationList section */
	};
	rootObject = AFF963D8284F77B8003735FA /* Project object */;
}
